
Microsoft Visual Studio Solution File, Format Version 12.00
# Visual Studio Version 17
VisualStudioVersion = 17.8.34316.72
MinimumVisualStudioVersion = 10.0.40219.1
Project("{9A19103F-16F7-4668-BE54-9A1E7A4F7556}") = "Configurations", "Configurations\Configurations.csproj", "{CCF4FFED-5D48-4AA5-9BF3-D4B618668823}"
EndProject
Project("{9A19103F-16F7-4668-BE54-9A1E7A4F7556}") = "TemporalTable", "Temporal-tables\TemporalTable.csproj", "{D748A795-74E2-473E-81B3-3793DBB92A38}"
EndProject
Project("{FAE04EC0-301F-11D3-BF4B-00C04F79EFBC}") = "Interceptors", "Interceptors\Interceptors.csproj", "{A3CE7363-AB3A-42A7-8443-9F192AAB486E}"
EndProject
Global
	GlobalSection(SolutionConfigurationPlatforms) = preSolution
		Debug|Any CPU = Debug|Any CPU
		Release|Any CPU = Release|Any CPU
	EndGlobalSection
	GlobalSection(ProjectConfigurationPlatforms) = postSolution
		{CCF4FFED-5D48-4AA5-9BF3-D4B618668823}.Debug|Any CPU.ActiveCfg = Debug|Any CPU
		{CCF4FFED-5D48-4AA5-9BF3-D4B618668823}.Debug|Any CPU.Build.0 = Debug|Any CPU
		{CCF4FFED-5D48-4AA5-9BF3-D4B618668823}.Release|Any CPU.ActiveCfg = Release|Any CPU
		{CCF4FFED-5D48-4AA5-9BF3-D4B618668823}.Release|Any CPU.Build.0 = Release|Any CPU
		{D748A795-74E2-473E-81B3-3793DBB92A38}.Debug|Any CPU.ActiveCfg = Debug|Any CPU
		{D748A795-74E2-473E-81B3-3793DBB92A38}.Debug|Any CPU.Build.0 = Debug|Any CPU
		{D748A795-74E2-473E-81B3-3793DBB92A38}.Release|Any CPU.ActiveCfg = Release|Any CPU
		{D748A795-74E2-473E-81B3-3793DBB92A38}.Release|Any CPU.Build.0 = Release|Any CPU
		{A3CE7363-AB3A-42A7-8443-9F192AAB486E}.Debug|Any CPU.ActiveCfg = Debug|Any CPU
		{A3CE7363-AB3A-42A7-8443-9F192AAB486E}.Debug|Any CPU.Build.0 = Debug|Any CPU
		{A3CE7363-AB3A-42A7-8443-9F192AAB486E}.Release|Any CPU.ActiveCfg = Release|Any CPU
		{A3CE7363-AB3A-42A7-8443-9F192AAB486E}.Release|Any CPU.Build.0 = Release|Any CPU
	EndGlobalSection
	GlobalSection(SolutionProperties) = preSolution
		HideSolutionNode = FALSE
	EndGlobalSection
	GlobalSection(ExtensibilityGlobals) = postSolution
		SolutionGuid = {AC077B0E-04C9-4073-BDE2-F5AE3672BAF0}
	EndGlobalSection
EndGlobal
